// !$*UTF8*$!
{
	archiveVersion = 1;
	classes = {
	};
	objectVersion = 56;
	objects = {

/* Begin PBXBuildFile section */
		E28B82F42B5D61E600F209EB /* explosionSound.wav in Resources */ = {isa = PBXBuildFile; fileRef = E28B82F32B5D61E600F209EB /* explosionSound.wav */; };
		E29701022B5C1541009B0974 /* AppDelegate.swift in Sources */ = {isa = PBXBuildFile; fileRef = E29701012B5C1541009B0974 /* AppDelegate.swift */; };
		E29701042B5C1541009B0974 /* GameScene.sks in Resources */ = {isa = PBXBuildFile; fileRef = E29701032B5C1541009B0974 /* GameScene.sks */; };
		E29701062B5C1541009B0974 /* Actions.sks in Resources */ = {isa = PBXBuildFile; fileRef = E29701052B5C1541009B0974 /* Actions.sks */; };
		E29701082B5C1541009B0974 /* GameScene.swift in Sources */ = {isa = PBXBuildFile; fileRef = E29701072B5C1541009B0974 /* GameScene.swift */; };
		E297010A2B5C1541009B0974 /* ViewController.swift in Sources */ = {isa = PBXBuildFile; fileRef = E29701092B5C1541009B0974 /* ViewController.swift */; };
		E297010C2B5C1544009B0974 /* Assets.xcassets in Resources */ = {isa = PBXBuildFile; fileRef = E297010B2B5C1544009B0974 /* Assets.xcassets */; };
		E297010F2B5C1544009B0974 /* Main.storyboard in Resources */ = {isa = PBXBuildFile; fileRef = E297010D2B5C1544009B0974 /* Main.storyboard */; };
		E297011A2B5C1544009B0974 /* Space_SurgeTests.swift in Sources */ = {isa = PBXBuildFile; fileRef = E29701192B5C1544009B0974 /* Space_SurgeTests.swift */; };
		E29701242B5C1544009B0974 /* Space_SurgeUITests.swift in Sources */ = {isa = PBXBuildFile; fileRef = E29701232B5C1544009B0974 /* Space_SurgeUITests.swift */; };
		E29701262B5C1544009B0974 /* Space_SurgeUITestsLaunchTests.swift in Sources */ = {isa = PBXBuildFile; fileRef = E29701252B5C1544009B0974 /* Space_SurgeUITestsLaunchTests.swift */; };
		E29701352B5C5356009B0974 /* bulletSound.wav in Resources */ = {isa = PBXBuildFile; fileRef = E29701342B5C5356009B0974 /* bulletSound.wav */; };
		E29958992B61BE990036286A /* README.md in Resources */ = {isa = PBXBuildFile; fileRef = E29958982B61BE990036286A /* README.md */; };
/* End PBXBuildFile section */

/* Begin PBXContainerItemProxy section */
		E29701162B5C1544009B0974 /* PBXContainerItemProxy */ = {
			isa = PBXContainerItemProxy;
			containerPortal = E29700F62B5C1541009B0974 /* Project object */;
			proxyType = 1;
			remoteGlobalIDString = E29700FD2B5C1541009B0974;
			remoteInfo = "Space Surge";
		};
		E29701202B5C1544009B0974 /* PBXContainerItemProxy */ = {
			isa = PBXContainerItemProxy;
			containerPortal = E29700F62B5C1541009B0974 /* Project object */;
			proxyType = 1;
			remoteGlobalIDString = E29700FD2B5C1541009B0974;
			remoteInfo = "Space Surge";
		};
/* End PBXContainerItemProxy section */

/* Begin PBXFileReference section */
		E28B82F32B5D61E600F209EB /* explosionSound.wav */ = {isa = PBXFileReference; lastKnownFileType = audio.wav; path = explosionSound.wav; sourceTree = "<group>"; };
		E28B82FB2B5D716600F209EB /* Space-Surge-Info.plist */ = {isa = PBXFileReference; lastKnownFileType = text.plist; path = "Space-Surge-Info.plist"; sourceTree = SOURCE_ROOT; };
		E29700FE2B5C1541009B0974 /* Space Surge.app */ = {isa = PBXFileReference; explicitFileType = wrapper.application; includeInIndex = 0; path = "Space Surge.app"; sourceTree = BUILT_PRODUCTS_DIR; };
		E29701012B5C1541009B0974 /* AppDelegate.swift */ = {isa = PBXFileReference; lastKnownFileType = sourcecode.swift; path = AppDelegate.swift; sourceTree = "<group>"; };
		E29701032B5C1541009B0974 /* GameScene.sks */ = {isa = PBXFileReference; lastKnownFileType = file.sks; path = GameScene.sks; sourceTree = "<group>"; };
		E29701052B5C1541009B0974 /* Actions.sks */ = {isa = PBXFileReference; lastKnownFileType = file.sks; path = Actions.sks; sourceTree = "<group>"; };
		E29701072B5C1541009B0974 /* GameScene.swift */ = {isa = PBXFileReference; lastKnownFileType = sourcecode.swift; path = GameScene.swift; sourceTree = "<group>"; };
		E29701092B5C1541009B0974 /* ViewController.swift */ = {isa = PBXFileReference; lastKnownFileType = sourcecode.swift; path = ViewController.swift; sourceTree = "<group>"; };
		E297010B2B5C1544009B0974 /* Assets.xcassets */ = {isa = PBXFileReference; lastKnownFileType = folder.assetcatalog; path = Assets.xcassets; sourceTree = "<group>"; };
		E297010E2B5C1544009B0974 /* Base */ = {isa = PBXFileReference; lastKnownFileType = file.storyboard; name = Base; path = Base.lproj/Main.storyboard; sourceTree = "<group>"; };
		E29701102B5C1544009B0974 /* Space_Surge.entitlements */ = {isa = PBXFileReference; lastKnownFileType = text.plist.entitlements; path = Space_Surge.entitlements; sourceTree = "<group>"; };
		E29701152B5C1544009B0974 /* Space SurgeTests.xctest */ = {isa = PBXFileReference; explicitFileType = wrapper.cfbundle; includeInIndex = 0; path = "Space SurgeTests.xctest"; sourceTree = BUILT_PRODUCTS_DIR; };
		E29701192B5C1544009B0974 /* Space_SurgeTests.swift */ = {isa = PBXFileReference; lastKnownFileType = sourcecode.swift; path = Space_SurgeTests.swift; sourceTree = "<group>"; };
		E297011F2B5C1544009B0974 /* Space SurgeUITests.xctest */ = {isa = PBXFileReference; explicitFileType = wrapper.cfbundle; includeInIndex = 0; path = "Space SurgeUITests.xctest"; sourceTree = BUILT_PRODUCTS_DIR; };
		E29701232B5C1544009B0974 /* Space_SurgeUITests.swift */ = {isa = PBXFileReference; lastKnownFileType = sourcecode.swift; path = Space_SurgeUITests.swift; sourceTree = "<group>"; };
		E29701252B5C1544009B0974 /* Space_SurgeUITestsLaunchTests.swift */ = {isa = PBXFileReference; lastKnownFileType = sourcecode.swift; path = Space_SurgeUITestsLaunchTests.swift; sourceTree = "<group>"; };
		E29701342B5C5356009B0974 /* bulletSound.wav */ = {isa = PBXFileReference; lastKnownFileType = audio.wav; path = bulletSound.wav; sourceTree = "<group>"; };
		E29958982B61BE990036286A /* README.md */ = {isa = PBXFileReference; lastKnownFileType = net.daringfireball.markdown; path = README.md; sourceTree = "<group>"; };
/* End PBXFileReference section */

/* Begin PBXFrameworksBuildPhase section */
		E29700FB2B5C1541009B0974 /* Frameworks */ = {
			isa = PBXFrameworksBuildPhase;
			buildActionMask = 2147483647;
			files = (
			);
			runOnlyForDeploymentPostprocessing = 0;
		};
		E29701122B5C1544009B0974 /* Frameworks */ = {
			isa = PBXFrameworksBuildPhase;
			buildActionMask = 2147483647;
			files = (
			);
			runOnlyForDeploymentPostprocessing = 0;
		};
		E297011C2B5C1544009B0974 /* Frameworks */ = {
			isa = PBXFrameworksBuildPhase;
			buildActionMask = 2147483647;
			files = (
			);
			runOnlyForDeploymentPostprocessing = 0;
		};
/* End PBXFrameworksBuildPhase section */

/* Begin PBXGroup section */
		E29700F52B5C1541009B0974 = {
			isa = PBXGroup;
			children = (
				E29958982B61BE990036286A /* README.md */,
				E29701002B5C1541009B0974 /* Space Surge */,
				E29701182B5C1544009B0974 /* Space SurgeTests */,
				E29701222B5C1544009B0974 /* Space SurgeUITests */,
				E29700FF2B5C1541009B0974 /* Products */,
			);
			sourceTree = "<group>";
		};
		E29700FF2B5C1541009B0974 /* Products */ = {
			isa = PBXGroup;
			children = (
				E29700FE2B5C1541009B0974 /* Space Surge.app */,
				E29701152B5C1544009B0974 /* Space SurgeTests.xctest */,
				E297011F2B5C1544009B0974 /* Space SurgeUITests.xctest */,
			);
			name = Products;
			sourceTree = "<group>";
		};
		E29701002B5C1541009B0974 /* Space Surge */ = {
			isa = PBXGroup;
			children = (
				E28B82FB2B5D716600F209EB /* Space-Surge-Info.plist */,
				E29701012B5C1541009B0974 /* AppDelegate.swift */,
				E29701032B5C1541009B0974 /* GameScene.sks */,
				E29701052B5C1541009B0974 /* Actions.sks */,
				E29701072B5C1541009B0974 /* GameScene.swift */,
				E29701092B5C1541009B0974 /* ViewController.swift */,
				E28B82F32B5D61E600F209EB /* explosionSound.wav */,
				E29701342B5C5356009B0974 /* bulletSound.wav */,
				E297010B2B5C1544009B0974 /* Assets.xcassets */,
				E297010D2B5C1544009B0974 /* Main.storyboard */,
				E29701102B5C1544009B0974 /* Space_Surge.entitlements */,
			);
			path = "Space Surge";
			sourceTree = "<group>";
		};
		E29701182B5C1544009B0974 /* Space SurgeTests */ = {
			isa = PBXGroup;
			children = (
				E29701192B5C1544009B0974 /* Space_SurgeTests.swift */,
			);
			path = "Space SurgeTests";
			sourceTree = "<group>";
		};
		E29701222B5C1544009B0974 /* Space SurgeUITests */ = {
			isa = PBXGroup;
			children = (
				E29701232B5C1544009B0974 /* Space_SurgeUITests.swift */,
				E29701252B5C1544009B0974 /* Space_SurgeUITestsLaunchTests.swift */,
			);
			path = "Space SurgeUITests";
			sourceTree = "<group>";
		};
/* End PBXGroup section */

/* Begin PBXNativeTarget section */
		E29700FD2B5C1541009B0974 /* Space Surge */ = {
			isa = PBXNativeTarget;
			buildConfigurationList = E29701292B5C1544009B0974 /* Build configuration list for PBXNativeTarget "Space Surge" */;
			buildPhases = (
				E29700FA2B5C1541009B0974 /* Sources */,
				E29700FB2B5C1541009B0974 /* Frameworks */,
				E29700FC2B5C1541009B0974 /* Resources */,
			);
			buildRules = (
			);
			dependencies = (
			);
			name = "Space Surge";
			productName = "Space Surge";
			productReference = E29700FE2B5C1541009B0974 /* Space Surge.app */;
			productType = "com.apple.product-type.application";
		};
		E29701142B5C1544009B0974 /* Space SurgeTests */ = {
			isa = PBXNativeTarget;
			buildConfigurationList = E297012C2B5C1544009B0974 /* Build configuration list for PBXNativeTarget "Space SurgeTests" */;
			buildPhases = (
				E29701112B5C1544009B0974 /* Sources */,
				E29701122B5C1544009B0974 /* Frameworks */,
				E29701132B5C1544009B0974 /* Resources */,
			);
			buildRules = (
			);
			dependencies = (
				E29701172B5C1544009B0974 /* PBXTargetDependency */,
			);
			name = "Space SurgeTests";
			productName = "Space SurgeTests";
			productReference = E29701152B5C1544009B0974 /* Space SurgeTests.xctest */;
			productType = "com.apple.product-type.bundle.unit-test";
		};
		E297011E2B5C1544009B0974 /* Space SurgeUITests */ = {
			isa = PBXNativeTarget;
			buildConfigurationList = E297012F2B5C1544009B0974 /* Build configuration list for PBXNativeTarget "Space SurgeUITests" */;
			buildPhases = (
				E297011B2B5C1544009B0974 /* Sources */,
				E297011C2B5C1544009B0974 /* Frameworks */,
				E297011D2B5C1544009B0974 /* Resources */,
			);
			buildRules = (
			);
			dependencies = (
				E29701212B5C1544009B0974 /* PBXTargetDependency */,
			);
			name = "Space SurgeUITests";
			productName = "Space SurgeUITests";
			productReference = E297011F2B5C1544009B0974 /* Space SurgeUITests.xctest */;
			productType = "com.apple.product-type.bundle.ui-testing";
		};
/* End PBXNativeTarget section */

/* Begin PBXProject section */
		E29700F62B5C1541009B0974 /* Project object */ = {
			isa = PBXProject;
			attributes = {
				BuildIndependentTargetsInParallel = 1;
				LastSwiftUpdateCheck = 1520;
				LastUpgradeCheck = 1520;
				TargetAttributes = {
					E29700FD2B5C1541009B0974 = {
						CreatedOnToolsVersion = 15.2;
					};
					E29701142B5C1544009B0974 = {
						CreatedOnToolsVersion = 15.2;
						TestTargetID = E29700FD2B5C1541009B0974;
					};
					E297011E2B5C1544009B0974 = {
						CreatedOnToolsVersion = 15.2;
						TestTargetID = E29700FD2B5C1541009B0974;
					};
				};
			};
			buildConfigurationList = E29700F92B5C1541009B0974 /* Build configuration list for PBXProject "Space Surge" */;
			compatibilityVersion = "Xcode 14.0";
			developmentRegion = en;
			hasScannedForEncodings = 0;
			knownRegions = (
				en,
				Base,
			);
			mainGroup = E29700F52B5C1541009B0974;
			productRefGroup = E29700FF2B5C1541009B0974 /* Products */;
			projectDirPath = "";
			projectRoot = "";
			targets = (
				E29700FD2B5C1541009B0974 /* Space Surge */,
				E29701142B5C1544009B0974 /* Space SurgeTests */,
				E297011E2B5C1544009B0974 /* Space SurgeUITests */,
			);
		};
/* End PBXProject section */

/* Begin PBXResourcesBuildPhase section */
		E29700FC2B5C1541009B0974 /* Resources */ = {
			isa = PBXResourcesBuildPhase;
			buildActionMask = 2147483647;
			files = (
				E28B82F42B5D61E600F209EB /* explosionSound.wav in Resources */,
				E29701352B5C5356009B0974 /* bulletSound.wav in Resources */,
				E29701042B5C1541009B0974 /* GameScene.sks in Resources */,
				E29958992B61BE990036286A /* README.md in Resources */,
				E297010C2B5C1544009B0974 /* Assets.xcassets in Resources */,
				E29701062B5C1541009B0974 /* Actions.sks in Resources */,
				E297010F2B5C1544009B0974 /* Main.storyboard in Resources */,
			);
			runOnlyForDeploymentPostprocessing = 0;
		};
		E29701132B5C1544009B0974 /* Resources */ = {
			isa = PBXResourcesBuildPhase;
			buildActionMask = 2147483647;
			files = (
			);
			runOnlyForDeploymentPostprocessing = 0;
		};
		E297011D2B5C1544009B0974 /* Resources */ = {
			isa = PBXResourcesBuildPhase;
			buildActionMask = 2147483647;
			files = (
			);
			runOnlyForDeploymentPostprocessing = 0;
		};
/* End PBXResourcesBuildPhase section */

/* Begin PBXSourcesBuildPhase section */
		E29700FA2B5C1541009B0974 /* Sources */ = {
			isa = PBXSourcesBuildPhase;
			buildActionMask = 2147483647;
			files = (
				E297010A2B5C1541009B0974 /* ViewController.swift in Sources */,
				E29701082B5C1541009B0974 /* GameScene.swift in Sources */,
				E29701022B5C1541009B0974 /* AppDelegate.swift in Sources */,
			);
			runOnlyForDeploymentPostprocessing = 0;
		};
		E29701112B5C1544009B0974 /* Sources */ = {
			isa = PBXSourcesBuildPhase;
			buildActionMask = 2147483647;
			files = (
				E297011A2B5C1544009B0974 /* Space_SurgeTests.swift in Sources */,
			);
			runOnlyForDeploymentPostprocessing = 0;
		};
		E297011B2B5C1544009B0974 /* Sources */ = {
			isa = PBXSourcesBuildPhase;
			buildActionMask = 2147483647;
			files = (
				E29701262B5C1544009B0974 /* Space_SurgeUITestsLaunchTests.swift in Sources */,
				E29701242B5C1544009B0974 /* Space_SurgeUITests.swift in Sources */,
			);
			runOnlyForDeploymentPostprocessing = 0;
		};
/* End PBXSourcesBuildPhase section */

/* Begin PBXTargetDependency section */
		E29701172B5C1544009B0974 /* PBXTargetDependency */ = {
			isa = PBXTargetDependency;
			target = E29700FD2B5C1541009B0974 /* Space Surge */;
			targetProxy = E29701162B5C1544009B0974 /* PBXContainerItemProxy */;
		};
		E29701212B5C1544009B0974 /* PBXTargetDependency */ = {
			isa = PBXTargetDependency;
			target = E29700FD2B5C1541009B0974 /* Space Surge */;
			targetProxy = E29701202B5C1544009B0974 /* PBXContainerItemProxy */;
		};
/* End PBXTargetDependency section */

/* Begin PBXVariantGroup section */
		E297010D2B5C1544009B0974 /* Main.storyboard */ = {
			isa = PBXVariantGroup;
			children = (
				E297010E2B5C1544009B0974 /* Base */,
			);
			name = Main.storyboard;
			sourceTree = "<group>";
		};
/* End PBXVariantGroup section */

/* Begin XCBuildConfiguration section */
		E29701272B5C1544009B0974 /* Debug */ = {
			isa = XCBuildConfiguration;
			buildSettings = {
				ALWAYS_SEARCH_USER_PATHS = NO;
				ASSETCATALOG_COMPILER_GENERATE_SWIFT_ASSET_SYMBOL_EXTENSIONS = YES;
				CLANG_ANALYZER_NONNULL = YES;
				CLANG_ANALYZER_NUMBER_OBJECT_CONVERSION = YES_AGGRESSIVE;
				CLANG_CXX_LANGUAGE_STANDARD = "gnu++20";
				CLANG_ENABLE_MODULES = YES;
				CLANG_ENABLE_OBJC_ARC = YES;
				CLANG_ENABLE_OBJC_WEAK = YES;
				CLANG_WARN_BLOCK_CAPTURE_AUTORELEASING = YES;
				CLANG_WARN_BOOL_CONVERSION = YES;
				CLANG_WARN_COMMA = YES;
				CLANG_WARN_CONSTANT_CONVERSION = YES;
				CLANG_WARN_DEPRECATED_OBJC_IMPLEMENTATIONS = YES;
				CLANG_WARN_DIRECT_OBJC_ISA_USAGE = YES_ERROR;
				CLANG_WARN_DOCUMENTATION_COMMENTS = YES;
				CLANG_WARN_EMPTY_BODY = YES;
				CLANG_WARN_ENUM_CONVERSION = YES;
				CLANG_WARN_INFINITE_RECURSION = YES;
				CLANG_WARN_INT_CONVERSION = YES;
				CLANG_WARN_NON_LITERAL_NULL_CONVERSION = YES;
				CLANG_WARN_OBJC_IMPLICIT_RETAIN_SELF = YES;
				CLANG_WARN_OBJC_LITERAL_CONVERSION = YES;
				CLANG_WARN_OBJC_ROOT_CLASS = YES_ERROR;
				CLANG_WARN_QUOTED_INCLUDE_IN_FRAMEWORK_HEADER = YES;
				CLANG_WARN_RANGE_LOOP_ANALYSIS = YES;
				CLANG_WARN_STRICT_PROTOTYPES = YES;
				CLANG_WARN_SUSPICIOUS_MOVE = YES;
				CLANG_WARN_UNGUARDED_AVAILABILITY = YES_AGGRESSIVE;
				CLANG_WARN_UNREACHABLE_CODE = YES;
				CLANG_WARN__DUPLICATE_METHOD_MATCH = YES;
				COPY_PHASE_STRIP = NO;
				DEBUG_INFORMATION_FORMAT = dwarf;
				ENABLE_STRICT_OBJC_MSGSEND = YES;
				ENABLE_TESTABILITY = YES;
				ENABLE_USER_SCRIPT_SANDBOXING = YES;
				GCC_C_LANGUAGE_STANDARD = gnu17;
				GCC_DYNAMIC_NO_PIC = NO;
				GCC_NO_COMMON_BLOCKS = YES;
				GCC_OPTIMIZATION_LEVEL = 0;
				GCC_PREPROCESSOR_DEFINITIONS = (
					"DEBUG=1",
					"$(inherited)",
				);
				GCC_WARN_64_TO_32_BIT_CONVERSION = YES;
				GCC_WARN_ABOUT_RETURN_TYPE = YES_ERROR;
				GCC_WARN_UNDECLARED_SELECTOR = YES;
				GCC_WARN_UNINITIALIZED_AUTOS = YES_AGGRESSIVE;
				GCC_WARN_UNUSED_FUNCTION = YES;
				GCC_WARN_UNUSED_VARIABLE = YES;
				LOCALIZATION_PREFERS_STRING_CATALOGS = YES;
				MACOSX_DEPLOYMENT_TARGET = 14.2;
				MTL_ENABLE_DEBUG_INFO = INCLUDE_SOURCE;
				MTL_FAST_MATH = YES;
				ONLY_ACTIVE_ARCH = YES;
				SDKROOT = macosx;
				SWIFT_ACTIVE_COMPILATION_CONDITIONS = "DEBUG $(inherited)";
				SWIFT_OPTIMIZATION_LEVEL = "-Onone";
			};
			name = Debug;
		};
		E29701282B5C1544009B0974 /* Release */ = {
			isa = XCBuildConfiguration;
			buildSettings = {
				ALWAYS_SEARCH_USER_PATHS = NO;
				ASSETCATALOG_COMPILER_GENERATE_SWIFT_ASSET_SYMBOL_EXTENSIONS = YES;
				CLANG_ANALYZER_NONNULL = YES;
				CLANG_ANALYZER_NUMBER_OBJECT_CONVERSION = YES_AGGRESSIVE;
				CLANG_CXX_LANGUAGE_STANDARD = "gnu++20";
				CLANG_ENABLE_MODULES = YES;
				CLANG_ENABLE_OBJC_ARC = YES;
				CLANG_ENABLE_OBJC_WEAK = YES;
				CLANG_WARN_BLOCK_CAPTURE_AUTORELEASING = YES;
				CLANG_WARN_BOOL_CONVERSION = YES;
				CLANG_WARN_COMMA = YES;
				CLANG_WARN_CONSTANT_CONVERSION = YES;
				CLANG_WARN_DEPRECATED_OBJC_IMPLEMENTATIONS = YES;
				CLANG_WARN_DIRECT_OBJC_ISA_USAGE = YES_ERROR;
				CLANG_WARN_DOCUMENTATION_COMMENTS = YES;
				CLANG_WARN_EMPTY_BODY = YES;
				CLANG_WARN_ENUM_CONVERSION = YES;
				CLANG_WARN_INFINITE_RECURSION = YES;
				CLANG_WARN_INT_CONVERSION = YES;
				CLANG_WARN_NON_LITERAL_NULL_CONVERSION = YES;
				CLANG_WARN_OBJC_IMPLICIT_RETAIN_SELF = YES;
				CLANG_WARN_OBJC_LITERAL_CONVERSION = YES;
				CLANG_WARN_OBJC_ROOT_CLASS = YES_ERROR;
				CLANG_WARN_QUOTED_INCLUDE_IN_FRAMEWORK_HEADER = YES;
				CLANG_WARN_RANGE_LOOP_ANALYSIS = YES;
				CLANG_WARN_STRICT_PROTOTYPES = YES;
				CLANG_WARN_SUSPICIOUS_MOVE = YES;
				CLANG_WARN_UNGUARDED_AVAILABILITY = YES_AGGRESSIVE;
				CLANG_WARN_UNREACHABLE_CODE = YES;
				CLANG_WARN__DUPLICATE_METHOD_MATCH = YES;
				COPY_PHASE_STRIP = NO;
				DEBUG_INFORMATION_FORMAT = "dwarf-with-dsym";
				ENABLE_NS_ASSERTIONS = NO;
				ENABLE_STRICT_OBJC_MSGSEND = YES;
				ENABLE_USER_SCRIPT_SANDBOXING = YES;
				GCC_C_LANGUAGE_STANDARD = gnu17;
				GCC_NO_COMMON_BLOCKS = YES;
				GCC_WARN_64_TO_32_BIT_CONVERSION = YES;
				GCC_WARN_ABOUT_RETURN_TYPE = YES_ERROR;
				GCC_WARN_UNDECLARED_SELECTOR = YES;
				GCC_WARN_UNINITIALIZED_AUTOS = YES_AGGRESSIVE;
				GCC_WARN_UNUSED_FUNCTION = YES;
				GCC_WARN_UNUSED_VARIABLE = YES;
				LOCALIZATION_PREFERS_STRING_CATALOGS = YES;
				MACOSX_DEPLOYMENT_TARGET = 14.2;
				MTL_ENABLE_DEBUG_INFO = NO;
				MTL_FAST_MATH = YES;
				SDKROOT = macosx;
				SWIFT_COMPILATION_MODE = wholemodule;
			};
			name = Release;
		};
		E297012A2B5C1544009B0974 /* Debug */ = {
			isa = XCBuildConfiguration;
			buildSettings = {
				ASSETCATALOG_COMPILER_APPICON_NAME = AppIcon;
				ASSETCATALOG_COMPILER_GLOBAL_ACCENT_COLOR_NAME = AccentColor;
				CODE_SIGN_ENTITLEMENTS = "Space Surge/Space_Surge.entitlements";
				CODE_SIGN_STYLE = Automatic;
				COMBINE_HIDPI_IMAGES = YES;
				CURRENT_PROJECT_VERSION = 1;
				GENERATE_INFOPLIST_FILE = YES;
				INFOPLIST_FILE = "Space-Surge-Info.plist";
				INFOPLIST_KEY_NSHumanReadableCopyright = "";
				INFOPLIST_KEY_NSMainStoryboardFile = Main;
				INFOPLIST_KEY_NSPrincipalClass = NSApplication;
				LD_RUNPATH_SEARCH_PATHS = (
					"$(inherited)",
					"@executable_path/../Frameworks",
				);
				MACOSX_DEPLOYMENT_TARGET = 13.0;
				MARKETING_VERSION = 1.0;
				PRODUCT_BUNDLE_IDENTIFIER = "com.meziane.Space-Surge";
				PRODUCT_NAME = "$(TARGET_NAME)";
				SWIFT_EMIT_LOC_STRINGS = YES;
				SWIFT_VERSION = 5.0;
			};
			name = Debug;
		};
		E297012B2B5C1544009B0974 /* Release */ = {
			isa = XCBuildConfiguration;
			buildSettings = {
				ASSETCATALOG_COMPILER_APPICON_NAME = AppIcon;
				ASSETCATALOG_COMPILER_GLOBAL_ACCENT_COLOR_NAME = AccentColor;
				CODE_SIGN_ENTITLEMENTS = "Space Surge/Space_Surge.entitlements";
				CODE_SIGN_STYLE = Automatic;
				COMBINE_HIDPI_IMAGES = YES;
				CURRENT_PROJECT_VERSION = 1;
				GENERATE_INFOPLIST_FILE = YES;
				INFOPLIST_FILE = "Space-Surge-Info.plist";
				INFOPLIST_KEY_NSHumanReadableCopyright = "";
				INFOPLIST_KEY_NSMainStoryboardFile = Main;
				INFOPLIST_KEY_NSPrincipalClass = NSApplication;
				LD_RUNPATH_SEARCH_PATHS = (
					"$(inherited)",
					"@executable_path/../Frameworks",
				);
				MACOSX_DEPLOYMENT_TARGET = 13.0;
				MARKETING_VERSION = 1.0;
				PRODUCT_BUNDLE_IDENTIFIER = "com.meziane.Space-Surge";
				PRODUCT_NAME = "$(TARGET_NAME)";
				SWIFT_EMIT_LOC_STRINGS = YES;
				SWIFT_VERSION = 5.0;
			};
			name = Release;
		};
		E297012D2B5C1544009B0974 /* Debug */ = {
			isa = XCBuildConfiguration;
			buildSettings = {
				ALWAYS_EMBED_SWIFT_STANDARD_LIBRARIES = YES;
				BUNDLE_LOADER = "$(TEST_HOST)";
				CODE_SIGN_STYLE = Automatic;
				CURRENT_PROJECT_VERSION = 1;
				GENERATE_INFOPLIST_FILE = YES;
				MACOSX_DEPLOYMENT_TARGET = 14.2;
				MARKETING_VERSION = 1.0;
				PRODUCT_BUNDLE_IDENTIFIER = "com.meziane.Space-SurgeTests";
				PRODUCT_NAME = "$(TARGET_NAME)";
				SWIFT_EMIT_LOC_STRINGS = NO;
				SWIFT_VERSION = 5.0;
				TEST_HOST = "$(BUILT_PRODUCTS_DIR)/Space Surge.app/$(BUNDLE_EXECUTABLE_FOLDER_PATH)/Space Surge";
			};
			name = Debug;
		};
		E297012E2B5C1544009B0974 /* Release */ = {
			isa = XCBuildConfiguration;
			buildSettings = {
				ALWAYS_EMBED_SWIFT_STANDARD_LIBRARIES = YES;
				BUNDLE_LOADER = "$(TEST_HOST)";
				CODE_SIGN_STYLE = Automatic;
				CURRENT_PROJECT_VERSION = 1;
				GENERATE_INFOPLIST_FILE = YES;
				MACOSX_DEPLOYMENT_TARGET = 14.2;
				MARKETING_VERSION = 1.0;
				PRODUCT_BUNDLE_IDENTIFIER = "com.meziane.Space-SurgeTests";
				PRODUCT_NAME = "$(TARGET_NAME)";
				SWIFT_EMIT_LOC_STRINGS = NO;
				SWIFT_VERSION = 5.0;
				TEST_HOST = "$(BUILT_PRODUCTS_DIR)/Space Surge.app/$(BUNDLE_EXECUTABLE_FOLDER_PATH)/Space Surge";
			};
			name = Release;
		};
		E29701302B5C1544009B0974 /* Debug */ = {
			isa = XCBuildConfiguration;
			buildSettings = {
				ALWAYS_EMBED_SWIFT_STANDARD_LIBRARIES = YES;
				CODE_SIGN_STYLE = Automatic;
				CURRENT_PROJECT_VERSION = 1;
				GENERATE_INFOPLIST_FILE = YES;
				MARKETING_VERSION = 1.0;
				PRODUCT_BUNDLE_IDENTIFIER = "com.meziane.Space-SurgeUITests";
				PRODUCT_NAME = "$(TARGET_NAME)";
				SWIFT_EMIT_LOC_STRINGS = NO;
				SWIFT_VERSION = 5.0;
				TEST_TARGET_NAME = "Space Surge";
			};
			name = Debug;
		};
		E29701312B5C1544009B0974 /* Release */ = {
			isa = XCBuildConfiguration;
			buildSettings = {
				ALWAYS_EMBED_SWIFT_STANDARD_LIBRARIES = YES;
				CODE_SIGN_STYLE = Automatic;
				CURRENT_PROJECT_VERSION = 1;
				GENERATE_INFOPLIST_FILE = YES;
				MARKETING_VERSION = 1.0;
				PRODUCT_BUNDLE_IDENTIFIER = "com.meziane.Space-SurgeUITests";
				PRODUCT_NAME = "$(TARGET_NAME)";
				SWIFT_EMIT_LOC_STRINGS = NO;
				SWIFT_VERSION = 5.0;
				TEST_TARGET_NAME = "Space Surge";
			};
			name = Release;
		};
/* End XCBuildConfiguration section */

/* Begin XCConfigurationList section */
		E29700F92B5C1541009B0974 /* Build configuration list for PBXProject "Space Surge" */ = {
			isa = XCConfigurationList;
			buildConfigurations = (
				E29701272B5C1544009B0974 /* Debug */,
				E29701282B5C1544009B0974 /* Release */,
			);
			defaultConfigurationIsVisible = 0;
			defaultConfigurationName = Release;
		};
		E29701292B5C1544009B0974 /* Build configuration list for PBXNativeTarget "Space Surge" */ = {
			isa = XCConfigurationList;
			buildConfigurations = (
				E297012A2B5C1544009B0974 /* Debug */,
				E297012B2B5C1544009B0974 /* Release */,
			);
			defaultConfigurationIsVisible = 0;
			defaultConfigurationName = Release;
		};
		E297012C2B5C1544009B0974 /* Build configuration list for PBXNativeTarget "Space SurgeTests" */ = {
			isa = XCConfigurationList;
			buildConfigurations = (
				E297012D2B5C1544009B0974 /* Debug */,
				E297012E2B5C1544009B0974 /* Release */,
			);
			defaultConfigurationIsVisible = 0;
			defaultConfigurationName = Release;
		};
		E297012F2B5C1544009B0974 /* Build configuration list for PBXNativeTarget "Space SurgeUITests" */ = {
			isa = XCConfigurationList;
			buildConfigurations = (
				E29701302B5C1544009B0974 /* Debug */,
				E29701312B5C1544009B0974 /* Release */,
			);
			defaultConfigurationIsVisible = 0;
			defaultConfigurationName = Release;
		};
/* End XCConfigurationList section */
	};
	rootObject = E29700F62B5C1541009B0974 /* Project object */;
}
